
Microsoft Visual Studio Solution File, Format Version 12.00
# Visual Studio Version 17
VisualStudioVersion = 17.2.32630.192
MinimumVisualStudioVersion = 10.0.40219.1
Project("{8BC9CEB8-8B4A-11D0-8D11-00A0C91BC942}") = "Sleep", "Sleep\Sleep.vcxproj", "{29393D24-2ADD-4B52-BB89-4DDBEEDC0EB4}"
EndProject
Project("{2150E333-8FDC-42A3-9474-1A3956D46DE8}") = "解决方案项", "解决方案项", "{26B45773-18A1-46FE-9D56-604750ACF611}"
	ProjectSection(SolutionItems) = preProject
		.clang-format = .clang-format
		.editorconfig = .editorconfig
	EndProjectSection
EndProject
Project("{8BC9CEB8-8B4A-11D0-8D11-00A0C91BC942}") = "ranni", "ranni\ranni.vcxproj", "{D2B69E97-9281-46AD-B5C0-3501444555E3}"
	ProjectSection(ProjectDependencies) = postProject
		{35F7231C-B56D-41BB-B274-CB5447D71AF4} = {35F7231C-B56D-41BB-B274-CB5447D71AF4}
	EndProjectSection
EndProject
Project("{8BC9CEB8-8B4A-11D0-8D11-00A0C91BC942}") = "ranni-k", "ranni-k\ranni-k.vcxproj", "{35F7231C-B56D-41BB-B274-CB5447D71AF4}"
EndProject
Global
	GlobalSection(SolutionConfigurationPlatforms) = preSolution
		Debug|x64 = Debug|x64
		Release|x64 = Release|x64
	EndGlobalSection
	GlobalSection(ProjectConfigurationPlatforms) = postSolution
		{29393D24-2ADD-4B52-BB89-4DDBEEDC0EB4}.Debug|x64.ActiveCfg = Debug|x64
		{29393D24-2ADD-4B52-BB89-4DDBEEDC0EB4}.Release|x64.ActiveCfg = Release|x64
		{29393D24-2ADD-4B52-BB89-4DDBEEDC0EB4}.Release|x64.Build.0 = Release|x64
		{D2B69E97-9281-46AD-B5C0-3501444555E3}.Debug|x64.ActiveCfg = Debug|x64
		{D2B69E97-9281-46AD-B5C0-3501444555E3}.Debug|x64.Build.0 = Debug|x64
		{D2B69E97-9281-46AD-B5C0-3501444555E3}.Release|x64.ActiveCfg = Release|x64
		{D2B69E97-9281-46AD-B5C0-3501444555E3}.Release|x64.Build.0 = Release|x64
		{35F7231C-B56D-41BB-B274-CB5447D71AF4}.Debug|x64.ActiveCfg = Debug|x64
		{35F7231C-B56D-41BB-B274-CB5447D71AF4}.Debug|x64.Build.0 = Debug|x64
		{35F7231C-B56D-41BB-B274-CB5447D71AF4}.Release|x64.ActiveCfg = Release|x64
		{35F7231C-B56D-41BB-B274-CB5447D71AF4}.Release|x64.Build.0 = Release|x64
		{35F7231C-B56D-41BB-B274-CB5447D71AF4}.Release|x64.Deploy.0 = Release|x64
	EndGlobalSection
	GlobalSection(SolutionProperties) = preSolution
		HideSolutionNode = FALSE
	EndGlobalSection
	GlobalSection(ExtensibilityGlobals) = postSolution
		SolutionGuid = {936873E9-DED3-4C6D-A3B2-4C1ADF83F747}
	EndGlobalSection
EndGlobal
